// !$*UTF8*$!
{
	archiveVersion = 1;
	classes = {
	};
	objectVersion = 63;
	objects = {

/* Begin PBXBuildFile section */
		03B99F932AFF887324B15968 /* OnDeviceCodexFeature.swift in Sources */ = {isa = PBXBuildFile; fileRef = 93677A51659C08505EA4CE10 /* OnDeviceCodexFeature.swift */; };
		04176A364FBEB96BDD0DE31D /* Citadel in Frameworks */ = {isa = PBXBuildFile; productRef = 6D0691FAFC50FF36F1893995 /* Citadel */; };
		04743D5A1900185832682235 /* SSHLoginSheet.swift in Sources */ = {isa = PBXBuildFile; fileRef = 6A9876F2929290D47ED57D77 /* SSHLoginSheet.swift */; };
		092994BBC35FD41C78FDBAF5 /* MarkdownUI in Frameworks */ = {isa = PBXBuildFile; productRef = A70018F0EA2A62B64DA5334B /* MarkdownUI */; };
		0AC3B09D832DD47A0C781EE5 /* LitterApp.swift in Sources */ = {isa = PBXBuildFile; fileRef = 359F3DCDC22C81682DAA7B0D /* LitterApp.swift */; };
		0B70CD891000542F8F109E18 /* Highlightr in Frameworks */ = {isa = PBXBuildFile; productRef = 543D34C5D486ED8912358C4B /* Highlightr */; };
		0C8911DDC605F71148FC7E29 /* ToolCallMessageParser.swift in Sources */ = {isa = PBXBuildFile; fileRef = 293EF15BAE7362AAF480EC4A /* ToolCallMessageParser.swift */; };
		0CF8F35C0BAB5AB811C2809F /* HeaderView.swift in Sources */ = {isa = PBXBuildFile; fileRef = 817117A5E16EBD02388DBBE1 /* HeaderView.swift */; };
		0D4116209C36B23F964BC070 /* Security.framework in Frameworks */ = {isa = PBXBuildFile; fileRef = FE71A015A197F8B7F6AE82B8 /* Security.framework */; };
		145F611793C70C7B176AF3AC /* SnapshotHelper.swift in Sources */ = {isa = PBXBuildFile; fileRef = 615E709D4D5722523052907E /* SnapshotHelper.swift */; };
		15378E713092362B622ADF95 /* BerkeleyMono-Bold-Oblique.otf in Resources */ = {isa = PBXBuildFile; fileRef = 3CB07F43FD670F05B9A43C55 /* BerkeleyMono-Bold-Oblique.otf */; };
		176D9DB2C19A759EE50DFE57 /* ChatTypes.swift in Sources */ = {isa = PBXBuildFile; fileRef = 125E05AE5CC346C8D2ED2FED /* ChatTypes.swift */; };
		178E05A70211238A1D49F6C2 /* ToolCallMessageParserTests.swift in Sources */ = {isa = PBXBuildFile; fileRef = 9B00D3C4EBCC298CE54D2D02 /* ToolCallMessageParserTests.swift */; };
		18B902823723C15E3437C4BD /* ios_system.xcframework in Embed Frameworks */ = {isa = PBXBuildFile; fileRef = 0A9C36495A1AD0AC9AC6DBA4 /* ios_system.xcframework */; settings = {ATTRIBUTES = (CodeSignOnCopy, RemoveHeadersOnCopy, ); }; };
		1968BFD1E3D4665AB9638F5F /* JSONRPCClient.swift in Sources */ = {isa = PBXBuildFile; fileRef = A32EC379763C60302C66E8F3 /* JSONRPCClient.swift */; };
		1B01536D4D970B5E054F9CCA /* Inject in Frameworks */ = {isa = PBXBuildFile; productRef = 0F7D9D75EA37F783857D2A0C /* Inject */; };
		1B27B62916B4D6AF66BDA9F8 /* SSHLoginSheet.swift in Sources */ = {isa = PBXBuildFile; fileRef = 6A9876F2929290D47ED57D77 /* SSHLoginSheet.swift */; };
		1DB21F6FFA11CE197FCFDBD5 /* shell.xcframework in Frameworks */ = {isa = PBXBuildFile; fileRef = 874C6CFBD438D4B4909DD1CF /* shell.xcframework */; };
		1DBECB5F40FE8322F20A327F /* ServerConnection.swift in Sources */ = {isa = PBXBuildFile; fileRef = 73840201673E0D1EE9E9DEBF /* ServerConnection.swift */; };
		2079821AAFA0AB0D5D4E429C /* BerkeleyMono-Oblique.otf in Resources */ = {isa = PBXBuildFile; fileRef = ACD06DF72574CDDF16E1E41B /* BerkeleyMono-Oblique.otf */; };
		20AD8AEA4E06442319C65002 /* text.xcframework in Embed Frameworks */ = {isa = PBXBuildFile; fileRef = CECEF29277C1DB1AD1EF304D /* text.xcframework */; settings = {ATTRIBUTES = (CodeSignOnCopy, RemoveHeadersOnCopy, ); }; };
		24B302B9C08601CF5EBAC0E4 /* PreviewSupport.swift in Sources */ = {isa = PBXBuildFile; fileRef = E744000053715A5866060B15 /* PreviewSupport.swift */; };
		28534FD8D729C47A8EF1A670 /* ToolCallMessageParser.swift in Sources */ = {isa = PBXBuildFile; fileRef = 293EF15BAE7362AAF480EC4A /* ToolCallMessageParser.swift */; };
		2A1E623523793810458A4631 /* text.xcframework in Embed Frameworks */ = {isa = PBXBuildFile; fileRef = CECEF29277C1DB1AD1EF304D /* text.xcframework */; settings = {ATTRIBUTES = (CodeSignOnCopy, RemoveHeadersOnCopy, ); }; };
		2A8830D5288CE4FC4D754870 /* SessionListView.swift in Sources */ = {isa = PBXBuildFile; fileRef = 20CB5C5E5705BBF5E25A30B7 /* SessionListView.swift */; };
		2DBCCE766D2356AB34EA47CF /* brand_logo.png in Resources */ = {isa = PBXBuildFile; fileRef = 17BD69B0550C63596995AC18 /* brand_logo.png */; };
		2EB6769DBEBF50F7C5A2B89A /* ios_system.xcframework in Frameworks */ = {isa = PBXBuildFile; fileRef = 0A9C36495A1AD0AC9AC6DBA4 /* ios_system.xcframework */; };
		2F3CAA82F0FC204D70DF24C9 /* ConnectionTarget.swift in Sources */ = {isa = PBXBuildFile; fileRef = 4925417F70C546B80DBD9EFF /* ConnectionTarget.swift */; };
		31EB5932CBEDDB0E7FFB1158 /* MessageBubbleView.swift in Sources */ = {isa = PBXBuildFile; fileRef = 1959956ABBEC98793B97B468 /* MessageBubbleView.swift */; };
		3219634AC7C74A6FC4116F12 /* codex_bridge.xcframework in Frameworks */ = {isa = PBXBuildFile; fileRef = F030F0A7CE69F1ABD3D30F06 /* codex_bridge.xcframework */; };
		35D5ED036168E1DF8EE63CB5 /* SystemConfiguration.framework in Frameworks */ = {isa = PBXBuildFile; fileRef = 1641427B3606638F140B4E9A /* SystemConfiguration.framework */; };
		380D1CCF1C5A57D37BBE374B /* files.xcframework in Embed Frameworks */ = {isa = PBXBuildFile; fileRef = 19CB61EDE7B1FF0CF2EC81BB /* files.xcframework */; settings = {ATTRIBUTES = (CodeSignOnCopy, RemoveHeadersOnCopy, ); }; };
		38BF43AD242D4C4686FB6AB2 /* SidebarOverlay.swift in Sources */ = {isa = PBXBuildFile; fileRef = 7EAAD91EA135C03B2759124D /* SidebarOverlay.swift */; };
		3E2EEDE5F9D0CC0EE517AF52 /* ToolCallCardView.swift in Sources */ = {isa = PBXBuildFile; fileRef = 3BA392F9C2104B8B643C0F9E /* ToolCallCardView.swift */; };
		439364114EC527898BA7FFD7 /* SystemConfiguration.framework in Frameworks */ = {isa = PBXBuildFile; fileRef = 1641427B3606638F140B4E9A /* SystemConfiguration.framework */; };
		44D4FA3DAA7CAF654023475C /* ServerManager.swift in Sources */ = {isa = PBXBuildFile; fileRef = D2741603625C765D5BC95E39 /* ServerManager.swift */; };
		49EE86930AE61F174F3E0E97 /* Network.framework in Frameworks */ = {isa = PBXBuildFile; fileRef = AA4A8B1B0E48B3DDC9F44D90 /* Network.framework */; };
		4C9D48CAF520DFF0442D16EA /* ServerConnection.swift in Sources */ = {isa = PBXBuildFile; fileRef = 73840201673E0D1EE9E9DEBF /* ServerConnection.swift */; };
		4CBDF32CF8B225BD0F4F272D /* Extensions.swift in Sources */ = {isa = PBXBuildFile; fileRef = 101538FB7758F2441ED27F40 /* Extensions.swift */; };
		4F0031C020BCB8200383682C /* SSHSessionManager.swift in Sources */ = {isa = PBXBuildFile; fileRef = 754A6F0D26DFBE19A8C6625F /* SSHSessionManager.swift */; };
		50B28BDC6D1475D494311414 /* SessionSidebarView.swift in Sources */ = {isa = PBXBuildFile; fileRef = EB8AEFFE3EBB0B8C6DBB218B /* SessionSidebarView.swift */; };
		5114746EF88671B40BD746F9 /* JSONRPCClient.swift in Sources */ = {isa = PBXBuildFile; fileRef = A32EC379763C60302C66E8F3 /* JSONRPCClient.swift */; };
		5128C7E1A7C94802C9F677BA /* AccountView.swift in Sources */ = {isa = PBXBuildFile; fileRef = 818BC73F3855A9BA29C8E868 /* AccountView.swift */; };
		52E7CA333B014D1F4AAFA9D6 /* IosSystemBridge.m in Sources */ = {isa = PBXBuildFile; fileRef = 3DC848F239F3563C901428AA /* IosSystemBridge.m */; };
		5342E9DEE1FB318F01E27F7E /* ChatTypes.swift in Sources */ = {isa = PBXBuildFile; fileRef = 125E05AE5CC346C8D2ED2FED /* ChatTypes.swift */; };
		536EF112EA2B3405B03B0BB6 /* commandDictionary.plist in Resources */ = {isa = PBXBuildFile; fileRef = 545E3E3890AFDE088424F0C1 /* commandDictionary.plist */; };
		56DBF9B40EDB38539AD3F363 /* MessageBubbleView.swift in Sources */ = {isa = PBXBuildFile; fileRef = 1959956ABBEC98793B97B468 /* MessageBubbleView.swift */; };
		591F49598442E387E16C7BF2 /* BerkeleyMono-Oblique.otf in Resources */ = {isa = PBXBuildFile; fileRef = ACD06DF72574CDDF16E1E41B /* BerkeleyMono-Oblique.otf */; };
		5AB1046D51A1A192F1952893 /* ConversationView.swift in Sources */ = {isa = PBXBuildFile; fileRef = BF245554F39E59E68B72EB22 /* ConversationView.swift */; };
		5D69A8BA80D3B1B771C94DC0 /* OnDeviceCodexFeature.swift in Sources */ = {isa = PBXBuildFile; fileRef = 93677A51659C08505EA4CE10 /* OnDeviceCodexFeature.swift */; };
		5F1228C0BD5FC2E520010A2C /* SettingsView.swift in Sources */ = {isa = PBXBuildFile; fileRef = DBE8C3705FCC98F7E1642771 /* SettingsView.swift */; };
		5F3B965EDA58D389B2761F05 /* CodeBlockView.swift in Sources */ = {isa = PBXBuildFile; fileRef = EEDF2E1FEDF741D69062FDDD /* CodeBlockView.swift */; };
		60FCC716C07EC118063B7E34 /* Security.framework in Frameworks */ = {isa = PBXBuildFile; fileRef = FE71A015A197F8B7F6AE82B8 /* Security.framework */; };
		66FE2D7231BFAD7FFF934886 /* shell.xcframework in Embed Frameworks */ = {isa = PBXBuildFile; fileRef = 874C6CFBD438D4B4909DD1CF /* shell.xcframework */; settings = {ATTRIBUTES = (CodeSignOnCopy, RemoveHeadersOnCopy, ); }; };
		681CFF0789D9D2369F61ECF2 /* IosSystemBridge.m in Sources */ = {isa = PBXBuildFile; fileRef = 3DC848F239F3563C901428AA /* IosSystemBridge.m */; };
		6A5FB63A62D487A9B4E53C82 /* MarkdownUI in Frameworks */ = {isa = PBXBuildFile; productRef = 26B5133B3787DA6490540164 /* MarkdownUI */; };
		6B6DEAECC59EF7CB0B9500B9 /* brand_logo.svg in Resources */ = {isa = PBXBuildFile; fileRef = 74E5DF89D0937E6C17F2BB94 /* brand_logo.svg */; };
		6BBF52F233815A7CE387ADAF /* Highlightr in Frameworks */ = {isa = PBXBuildFile; productRef = 13331A31CF6F354C66979963 /* Highlightr */; };
		6F387D1EFDE9107B03726A98 /* files.xcframework in Embed Frameworks */ = {isa = PBXBuildFile; fileRef = 19CB61EDE7B1FF0CF2EC81BB /* files.xcframework */; settings = {ATTRIBUTES = (CodeSignOnCopy, RemoveHeadersOnCopy, ); }; };
		72158718B1E67C9A80C407CC /* Citadel in Frameworks */ = {isa = PBXBuildFile; productRef = 5C1CE43F9E12A442D6CAF602 /* Citadel */; };
		72AF522324657480D02995E1 /* DiscoveredServer.swift in Sources */ = {isa = PBXBuildFile; fileRef = 7779BD02F3B304F9C3AD32A1 /* DiscoveredServer.swift */; };
		7326B68EB1C5AA725F7E5DE4 /* ThreadState.swift in Sources */ = {isa = PBXBuildFile; fileRef = 67AFB81F773863EB4A05235C /* ThreadState.swift */; };
		73273C538728D9434D9E9E53 /* ToolCallCardView.swift in Sources */ = {isa = PBXBuildFile; fileRef = 3BA392F9C2104B8B643C0F9E /* ToolCallCardView.swift */; };
		7E7B4AC85F18366192E98E8B /* AppState.swift in Sources */ = {isa = PBXBuildFile; fileRef = 50CFDCB6C4655E3D2D76B41B /* AppState.swift */; };
		81D60E8A00FED5E64E7B352F /* ios_system.xcframework in Embed Frameworks */ = {isa = PBXBuildFile; fileRef = 0A9C36495A1AD0AC9AC6DBA4 /* ios_system.xcframework */; settings = {ATTRIBUTES = (CodeSignOnCopy, RemoveHeadersOnCopy, ); }; };
		8445E0A9CDF58E2E9A509018 /* CodeBlockView.swift in Sources */ = {isa = PBXBuildFile; fileRef = EEDF2E1FEDF741D69062FDDD /* CodeBlockView.swift */; };
		847B2A9216E2C53D8A220303 /* SafariView.swift in Sources */ = {isa = PBXBuildFile; fileRef = 7F79D1C06A25D0ABAA5042BA /* SafariView.swift */; };
		85378EE3CE3AE3C8FB27723E /* ServerManager.swift in Sources */ = {isa = PBXBuildFile; fileRef = D2741603625C765D5BC95E39 /* ServerManager.swift */; };
		863E974F904C137CB6669DE0 /* Assets.xcassets in Resources */ = {isa = PBXBuildFile; fileRef = 35949923355BB19A7209FD65 /* Assets.xcassets */; };
		8B8335F1D0AA1E5584BCAF20 /* CodexProtocol.swift in Sources */ = {isa = PBXBuildFile; fileRef = 4F2C91E2BA1A8F93DA7FF4EF /* CodexProtocol.swift */; };
		8C573877188B1CF76579523A /* DiscoveredServer.swift in Sources */ = {isa = PBXBuildFile; fileRef = 7779BD02F3B304F9C3AD32A1 /* DiscoveredServer.swift */; };
		8D3CAAD692101400C18D1A38 /* SafariView.swift in Sources */ = {isa = PBXBuildFile; fileRef = 7F79D1C06A25D0ABAA5042BA /* SafariView.swift */; };
		8D4C21469289291B968CBEF0 /* shell.xcframework in Frameworks */ = {isa = PBXBuildFile; fileRef = 874C6CFBD438D4B4909DD1CF /* shell.xcframework */; };
		8E7625BCA1A3CBE748954944 /* ThreadState.swift in Sources */ = {isa = PBXBuildFile; fileRef = 67AFB81F773863EB4A05235C /* ThreadState.swift */; };
		935A6D5F5378F7093E4540BC /* brand_logo.png in Resources */ = {isa = PBXBuildFile; fileRef = 17BD69B0550C63596995AC18 /* brand_logo.png */; };
		99AFB38AE70951A482AB9253 /* NetworkDiscovery.swift in Sources */ = {isa = PBXBuildFile; fileRef = E2C54AE62D2865D1C7750F7A /* NetworkDiscovery.swift */; };
		9F89180D64C6397DBBFA7CED /* CodexBridge.swift in Sources */ = {isa = PBXBuildFile; fileRef = 94787AD35DEC95D38907632B /* CodexBridge.swift */; };
		A0A3C87E80A5AE660B36CC55 /* SettingsView.swift in Sources */ = {isa = PBXBuildFile; fileRef = DBE8C3705FCC98F7E1642771 /* SettingsView.swift */; };
		A0C4E239663FE86E4260A374 /* files.xcframework in Frameworks */ = {isa = PBXBuildFile; fileRef = 19CB61EDE7B1FF0CF2EC81BB /* files.xcframework */; };
		A0F302E6D893FB45DB4E16CB /* Localizable.strings in Resources */ = {isa = PBXBuildFile; fileRef = ABFE016B445D1A4398CFE2A5 /* Localizable.strings */; };
		A2DDF709613F2B26A1AF12CF /* CodexIOSUITests.swift in Sources */ = {isa = PBXBuildFile; fileRef = D9303BF4E9F495B2452B4413 /* CodexIOSUITests.swift */; };
		A4F87BB29FFEA30C60E99889 /* shell.xcframework in Embed Frameworks */ = {isa = PBXBuildFile; fileRef = 874C6CFBD438D4B4909DD1CF /* shell.xcframework */; settings = {ATTRIBUTES = (CodeSignOnCopy, RemoveHeadersOnCopy, ); }; };
		A65B6860C6DCB2E71F5ACFEB /* PreviewSupport.swift in Sources */ = {isa = PBXBuildFile; fileRef = E744000053715A5866060B15 /* PreviewSupport.swift */; };
		AB436317C3932EE211111561 /* BerkeleyMono-Bold.otf in Resources */ = {isa = PBXBuildFile; fileRef = 3BD63CCD80D9E1F66879EF97 /* BerkeleyMono-Bold.otf */; };
		ACB4703CB129ED8B32E9F291 /* DiscoveryView.swift in Sources */ = {isa = PBXBuildFile; fileRef = 034CE02FECF86AB9EC0842D0 /* DiscoveryView.swift */; };
		ADA061B4E1F520DB54601B39 /* AccountView.swift in Sources */ = {isa = PBXBuildFile; fileRef = 818BC73F3855A9BA29C8E868 /* AccountView.swift */; };
		AF67583A782E05448A75AFC7 /* SSHSessionManager.swift in Sources */ = {isa = PBXBuildFile; fileRef = 754A6F0D26DFBE19A8C6625F /* SSHSessionManager.swift */; };
		B2AD11FCB018EFE781CE172F /* CodexBridge.swift in Sources */ = {isa = PBXBuildFile; fileRef = 94787AD35DEC95D38907632B /* CodexBridge.swift */; };
		B977A1C7C1FF67CCC0B25AEE /* CodexProtocol.swift in Sources */ = {isa = PBXBuildFile; fileRef = 4F2C91E2BA1A8F93DA7FF4EF /* CodexProtocol.swift */; };
		BAB0343536C6CFD8EF952DE0 /* BerkeleyMono-Regular.otf in Resources */ = {isa = PBXBuildFile; fileRef = B0648D501D363553E86BAE63 /* BerkeleyMono-Regular.otf */; };
		BDD00F77D6868A0501810E51 /* Assets.xcassets in Resources */ = {isa = PBXBuildFile; fileRef = 35949923355BB19A7209FD65 /* Assets.xcassets */; };
		BEE15B569CF1A1D7F73F25F9 /* DiscoveryView.swift in Sources */ = {isa = PBXBuildFile; fileRef = 034CE02FECF86AB9EC0842D0 /* DiscoveryView.swift */; };
		C07B1499364228CD0094A4DB /* ios_system.xcframework in Frameworks */ = {isa = PBXBuildFile; fileRef = 0A9C36495A1AD0AC9AC6DBA4 /* ios_system.xcframework */; };
		C7D4DE1CB01AB8E07C92AAAC /* SidebarOverlay.swift in Sources */ = {isa = PBXBuildFile; fileRef = 7EAAD91EA135C03B2759124D /* SidebarOverlay.swift */; };
		C833C49F1B377068396A5308 /* Localizable.strings in Resources */ = {isa = PBXBuildFile; fileRef = ABFE016B445D1A4398CFE2A5 /* Localizable.strings */; };
		C9FE50288375157B79A052FB /* SessionListView.swift in Sources */ = {isa = PBXBuildFile; fileRef = 20CB5C5E5705BBF5E25A30B7 /* SessionListView.swift */; };
		CB1ED98E60C5E933170DD52D /* SessionSidebarView.swift in Sources */ = {isa = PBXBuildFile; fileRef = EB8AEFFE3EBB0B8C6DBB218B /* SessionSidebarView.swift */; };
		CC8E05E303DE114ADA2C409B /* Network.framework in Frameworks */ = {isa = PBXBuildFile; fileRef = AA4A8B1B0E48B3DDC9F44D90 /* Network.framework */; };
		CD03B7391871A06D022D42BA /* HeaderView.swift in Sources */ = {isa = PBXBuildFile; fileRef = 817117A5E16EBD02388DBBE1 /* HeaderView.swift */; };
		CDE88674C0C5A1B4C801267E /* ConnectionTarget.swift in Sources */ = {isa = PBXBuildFile; fileRef = 4925417F70C546B80DBD9EFF /* ConnectionTarget.swift */; };
		CFA5E4B56537F480AFECC903 /* DirectoryPickerView.swift in Sources */ = {isa = PBXBuildFile; fileRef = 318F2F8563E91AB97950F5DA /* DirectoryPickerView.swift */; };
		D1B9D708A292EF532C7A8B9C /* BerkeleyMono-Bold-Oblique.otf in Resources */ = {isa = PBXBuildFile; fileRef = 3CB07F43FD670F05B9A43C55 /* BerkeleyMono-Bold-Oblique.otf */; };
		D1C2C119E9801D3921F44146 /* Inject in Frameworks */ = {isa = PBXBuildFile; productRef = 01C24E4743B6D5566F473864 /* Inject */; };
		D2AB8A7F991FD28255C56CD3 /* BrandLogo.swift in Sources */ = {isa = PBXBuildFile; fileRef = C361CBF40ED3D35C44D46880 /* BrandLogo.swift */; };
		D512CAC21DF746FA702B10EF /* RecentDirectoryStore.swift in Sources */ = {isa = PBXBuildFile; fileRef = 4CAFD307068C8BB4C5662367 /* RecentDirectoryStore.swift */; };
		D9CE23EE599BE0F7DBFD0930 /* brand_logo.svg in Resources */ = {isa = PBXBuildFile; fileRef = 74E5DF89D0937E6C17F2BB94 /* brand_logo.svg */; };
		DA19AD6B4C88B468969FA1CF /* BerkeleyMono-Regular.otf in Resources */ = {isa = PBXBuildFile; fileRef = B0648D501D363553E86BAE63 /* BerkeleyMono-Regular.otf */; };
		DB2626F75CCFABC284D6D663 /* commandDictionary.plist in Resources */ = {isa = PBXBuildFile; fileRef = 545E3E3890AFDE088424F0C1 /* commandDictionary.plist */; };
		DD6CAD6B87A8D48854446B86 /* extraCommandsDictionary.plist in Resources */ = {isa = PBXBuildFile; fileRef = 7043F325D81EDDF6CE12024E /* extraCommandsDictionary.plist */; };
		DEB027917A158E5C5CF0CC8B /* ConversationView.swift in Sources */ = {isa = PBXBuildFile; fileRef = BF245554F39E59E68B72EB22 /* ConversationView.swift */; };
		E41F675D5DA4CB9AAF30EDC4 /* BrandLogo.swift in Sources */ = {isa = PBXBuildFile; fileRef = C361CBF40ED3D35C44D46880 /* BrandLogo.swift */; };
		E7A9712ECD67A5C560F104EE /* RecentDirectoryStore.swift in Sources */ = {isa = PBXBuildFile; fileRef = 4CAFD307068C8BB4C5662367 /* RecentDirectoryStore.swift */; };
		E8981E5AEE611332DB397462 /* files.xcframework in Frameworks */ = {isa = PBXBuildFile; fileRef = 19CB61EDE7B1FF0CF2EC81BB /* files.xcframework */; };
		E8E75D80AB816ABCFBE01609 /* LitterApp.swift in Sources */ = {isa = PBXBuildFile; fileRef = 359F3DCDC22C81682DAA7B0D /* LitterApp.swift */; };
		EA2D4DECB54E28C6E6080CFA /* extraCommandsDictionary.plist in Resources */ = {isa = PBXBuildFile; fileRef = 7043F325D81EDDF6CE12024E /* extraCommandsDictionary.plist */; };
		EF8743F1629EB0DCA20AE787 /* text.xcframework in Frameworks */ = {isa = PBXBuildFile; fileRef = CECEF29277C1DB1AD1EF304D /* text.xcframework */; };
		F2A99B16F6AB41896865CD11 /* BerkeleyMono-Bold.otf in Resources */ = {isa = PBXBuildFile; fileRef = 3BD63CCD80D9E1F66879EF97 /* BerkeleyMono-Bold.otf */; };
		F32CF5F7E077ABCAB4ECE1C7 /* text.xcframework in Frameworks */ = {isa = PBXBuildFile; fileRef = CECEF29277C1DB1AD1EF304D /* text.xcframework */; };
		F5DC89787AAD41A2462541CD /* AppState.swift in Sources */ = {isa = PBXBuildFile; fileRef = 50CFDCB6C4655E3D2D76B41B /* AppState.swift */; };
		F91EC376599CBBEC881C53E4 /* DirectoryPickerView.swift in Sources */ = {isa = PBXBuildFile; fileRef = 318F2F8563E91AB97950F5DA /* DirectoryPickerView.swift */; };
		FAFB0D5AB213C4A0ADA9B0C3 /* Extensions.swift in Sources */ = {isa = PBXBuildFile; fileRef = 101538FB7758F2441ED27F40 /* Extensions.swift */; };
		FF4D813592AD383AD342CFFB /* NetworkDiscovery.swift in Sources */ = {isa = PBXBuildFile; fileRef = E2C54AE62D2865D1C7750F7A /* NetworkDiscovery.swift */; };
/* End PBXBuildFile section */

/* Begin PBXContainerItemProxy section */
		4B1809A31489BDA3C85FE99F /* PBXContainerItemProxy */ = {
			isa = PBXContainerItemProxy;
			containerPortal = B5F70FFC94D335C17162EB35 /* Project object */;
			proxyType = 1;
			remoteGlobalIDString = A3D84F588EDBC1EA550D6691;
			remoteInfo = Litter;
		};
		5CDEDD65869AEEBD77C7BA6A /* PBXContainerItemProxy */ = {
			isa = PBXContainerItemProxy;
			containerPortal = B5F70FFC94D335C17162EB35 /* Project object */;
			proxyType = 1;
			remoteGlobalIDString = A3D84F588EDBC1EA550D6691;
			remoteInfo = Litter;
		};
/* End PBXContainerItemProxy section */

/* Begin PBXCopyFilesBuildPhase section */
		867CA3999634D7B8E6BF660C /* Embed Frameworks */ = {
			isa = PBXCopyFilesBuildPhase;
			buildActionMask = 2147483647;
			dstPath = "";
			dstSubfolderSpec = 10;
			files = (
				81D60E8A00FED5E64E7B352F /* ios_system.xcframework in Embed Frameworks */,
				66FE2D7231BFAD7FFF934886 /* shell.xcframework in Embed Frameworks */,
				20AD8AEA4E06442319C65002 /* text.xcframework in Embed Frameworks */,
				380D1CCF1C5A57D37BBE374B /* files.xcframework in Embed Frameworks */,
			);
			name = "Embed Frameworks";
			runOnlyForDeploymentPostprocessing = 0;
		};
		F5000D391E269DEF6625AA40 /* Embed Frameworks */ = {
			isa = PBXCopyFilesBuildPhase;
			buildActionMask = 2147483647;
			dstPath = "";
			dstSubfolderSpec = 10;
			files = (
				18B902823723C15E3437C4BD /* ios_system.xcframework in Embed Frameworks */,
				A4F87BB29FFEA30C60E99889 /* shell.xcframework in Embed Frameworks */,
				2A1E623523793810458A4631 /* text.xcframework in Embed Frameworks */,
				6F387D1EFDE9107B03726A98 /* files.xcframework in Embed Frameworks */,
			);
			name = "Embed Frameworks";
			runOnlyForDeploymentPostprocessing = 0;
		};
/* End PBXCopyFilesBuildPhase section */

/* Begin PBXFileReference section */
		034CE02FECF86AB9EC0842D0 /* DiscoveryView.swift */ = {isa = PBXFileReference; lastKnownFileType = sourcecode.swift; path = DiscoveryView.swift; sourceTree = "<group>"; };
		0A19074BE7C1EFD40DB44B0E /* CodexIOSUITests.xctest */ = {isa = PBXFileReference; includeInIndex = 0; lastKnownFileType = wrapper.cfbundle; path = CodexIOSUITests.xctest; sourceTree = BUILT_PRODUCTS_DIR; };
		0A9C36495A1AD0AC9AC6DBA4 /* ios_system.xcframework */ = {isa = PBXFileReference; lastKnownFileType = wrapper.xcframework; name = ios_system.xcframework; path = Frameworks/ios_system/ios_system.xcframework; sourceTree = "<group>"; };
		101538FB7758F2441ED27F40 /* Extensions.swift */ = {isa = PBXFileReference; lastKnownFileType = sourcecode.swift; path = Extensions.swift; sourceTree = "<group>"; };
		125E05AE5CC346C8D2ED2FED /* ChatTypes.swift */ = {isa = PBXFileReference; lastKnownFileType = sourcecode.swift; path = ChatTypes.swift; sourceTree = "<group>"; };
		1641427B3606638F140B4E9A /* SystemConfiguration.framework */ = {isa = PBXFileReference; lastKnownFileType = wrapper.framework; name = SystemConfiguration.framework; path = System/Library/Frameworks/SystemConfiguration.framework; sourceTree = SDKROOT; };
		17BD69B0550C63596995AC18 /* brand_logo.png */ = {isa = PBXFileReference; lastKnownFileType = image.png; path = brand_logo.png; sourceTree = "<group>"; };
		1959956ABBEC98793B97B468 /* MessageBubbleView.swift */ = {isa = PBXFileReference; lastKnownFileType = sourcecode.swift; path = MessageBubbleView.swift; sourceTree = "<group>"; };
		19CB61EDE7B1FF0CF2EC81BB /* files.xcframework */ = {isa = PBXFileReference; lastKnownFileType = wrapper.xcframework; name = files.xcframework; path = Frameworks/ios_system/files.xcframework; sourceTree = "<group>"; };
		20CB5C5E5705BBF5E25A30B7 /* SessionListView.swift */ = {isa = PBXFileReference; lastKnownFileType = sourcecode.swift; path = SessionListView.swift; sourceTree = "<group>"; };
		293EF15BAE7362AAF480EC4A /* ToolCallMessageParser.swift */ = {isa = PBXFileReference; lastKnownFileType = sourcecode.swift; path = ToolCallMessageParser.swift; sourceTree = "<group>"; };
		318F2F8563E91AB97950F5DA /* DirectoryPickerView.swift */ = {isa = PBXFileReference; lastKnownFileType = sourcecode.swift; path = DirectoryPickerView.swift; sourceTree = "<group>"; };
		35949923355BB19A7209FD65 /* Assets.xcassets */ = {isa = PBXFileReference; lastKnownFileType = folder.assetcatalog; path = Assets.xcassets; sourceTree = "<group>"; };
		359F3DCDC22C81682DAA7B0D /* LitterApp.swift */ = {isa = PBXFileReference; lastKnownFileType = sourcecode.swift; path = LitterApp.swift; sourceTree = "<group>"; };
		3BA392F9C2104B8B643C0F9E /* ToolCallCardView.swift */ = {isa = PBXFileReference; lastKnownFileType = sourcecode.swift; path = ToolCallCardView.swift; sourceTree = "<group>"; };
		3BD63CCD80D9E1F66879EF97 /* BerkeleyMono-Bold.otf */ = {isa = PBXFileReference; lastKnownFileType = file; path = "BerkeleyMono-Bold.otf"; sourceTree = "<group>"; };
		3CB07F43FD670F05B9A43C55 /* BerkeleyMono-Bold-Oblique.otf */ = {isa = PBXFileReference; lastKnownFileType = file; path = "BerkeleyMono-Bold-Oblique.otf"; sourceTree = "<group>"; };
		3DC848F239F3563C901428AA /* IosSystemBridge.m */ = {isa = PBXFileReference; lastKnownFileType = sourcecode.c.objc; path = IosSystemBridge.m; sourceTree = "<group>"; };
		4925417F70C546B80DBD9EFF /* ConnectionTarget.swift */ = {isa = PBXFileReference; lastKnownFileType = sourcecode.swift; path = ConnectionTarget.swift; sourceTree = "<group>"; };
		4CAFD307068C8BB4C5662367 /* RecentDirectoryStore.swift */ = {isa = PBXFileReference; lastKnownFileType = sourcecode.swift; path = RecentDirectoryStore.swift; sourceTree = "<group>"; };
		4F2C91E2BA1A8F93DA7FF4EF /* CodexProtocol.swift */ = {isa = PBXFileReference; lastKnownFileType = sourcecode.swift; path = CodexProtocol.swift; sourceTree = "<group>"; };
		50CFDCB6C4655E3D2D76B41B /* AppState.swift */ = {isa = PBXFileReference; lastKnownFileType = sourcecode.swift; path = AppState.swift; sourceTree = "<group>"; };
		545E3E3890AFDE088424F0C1 /* commandDictionary.plist */ = {isa = PBXFileReference; lastKnownFileType = text.plist; path = commandDictionary.plist; sourceTree = "<group>"; };
		55A7968182C0B25044D38C00 /* Litter.app */ = {isa = PBXFileReference; explicitFileType = wrapper.application; includeInIndex = 0; path = Litter.app; sourceTree = BUILT_PRODUCTS_DIR; };
		615E709D4D5722523052907E /* SnapshotHelper.swift */ = {isa = PBXFileReference; lastKnownFileType = sourcecode.swift; path = SnapshotHelper.swift; sourceTree = "<group>"; };
		67AFB81F773863EB4A05235C /* ThreadState.swift */ = {isa = PBXFileReference; lastKnownFileType = sourcecode.swift; path = ThreadState.swift; sourceTree = "<group>"; };
		6A9876F2929290D47ED57D77 /* SSHLoginSheet.swift */ = {isa = PBXFileReference; lastKnownFileType = sourcecode.swift; path = SSHLoginSheet.swift; sourceTree = "<group>"; };
		7043F325D81EDDF6CE12024E /* extraCommandsDictionary.plist */ = {isa = PBXFileReference; lastKnownFileType = text.plist; path = extraCommandsDictionary.plist; sourceTree = "<group>"; };
		73840201673E0D1EE9E9DEBF /* ServerConnection.swift */ = {isa = PBXFileReference; lastKnownFileType = sourcecode.swift; path = ServerConnection.swift; sourceTree = "<group>"; };
		74E5DF89D0937E6C17F2BB94 /* brand_logo.svg */ = {isa = PBXFileReference; lastKnownFileType = text; path = brand_logo.svg; sourceTree = "<group>"; };
		754A6F0D26DFBE19A8C6625F /* SSHSessionManager.swift */ = {isa = PBXFileReference; lastKnownFileType = sourcecode.swift; path = SSHSessionManager.swift; sourceTree = "<group>"; };
		7779BD02F3B304F9C3AD32A1 /* DiscoveredServer.swift */ = {isa = PBXFileReference; lastKnownFileType = sourcecode.swift; path = DiscoveredServer.swift; sourceTree = "<group>"; };
		7EAAD91EA135C03B2759124D /* SidebarOverlay.swift */ = {isa = PBXFileReference; lastKnownFileType = sourcecode.swift; path = SidebarOverlay.swift; sourceTree = "<group>"; };
		7F79D1C06A25D0ABAA5042BA /* SafariView.swift */ = {isa = PBXFileReference; lastKnownFileType = sourcecode.swift; path = SafariView.swift; sourceTree = "<group>"; };
		817117A5E16EBD02388DBBE1 /* HeaderView.swift */ = {isa = PBXFileReference; lastKnownFileType = sourcecode.swift; path = HeaderView.swift; sourceTree = "<group>"; };
		818BC73F3855A9BA29C8E868 /* AccountView.swift */ = {isa = PBXFileReference; lastKnownFileType = sourcecode.swift; path = AccountView.swift; sourceTree = "<group>"; };
		874C6CFBD438D4B4909DD1CF /* shell.xcframework */ = {isa = PBXFileReference; lastKnownFileType = wrapper.xcframework; name = shell.xcframework; path = Frameworks/ios_system/shell.xcframework; sourceTree = "<group>"; };
		93677A51659C08505EA4CE10 /* OnDeviceCodexFeature.swift */ = {isa = PBXFileReference; lastKnownFileType = sourcecode.swift; path = OnDeviceCodexFeature.swift; sourceTree = "<group>"; };
		94787AD35DEC95D38907632B /* CodexBridge.swift */ = {isa = PBXFileReference; lastKnownFileType = sourcecode.swift; path = CodexBridge.swift; sourceTree = "<group>"; };
		9B00D3C4EBCC298CE54D2D02 /* ToolCallMessageParserTests.swift */ = {isa = PBXFileReference; lastKnownFileType = sourcecode.swift; path = ToolCallMessageParserTests.swift; sourceTree = "<group>"; };
		9DEE7E6F96B1BE1235356947 /* CodexIOSTests.xctest */ = {isa = PBXFileReference; includeInIndex = 0; lastKnownFileType = wrapper.cfbundle; path = CodexIOSTests.xctest; sourceTree = BUILT_PRODUCTS_DIR; };
		A32EC379763C60302C66E8F3 /* JSONRPCClient.swift */ = {isa = PBXFileReference; lastKnownFileType = sourcecode.swift; path = JSONRPCClient.swift; sourceTree = "<group>"; };
		AA4A8B1B0E48B3DDC9F44D90 /* Network.framework */ = {isa = PBXFileReference; lastKnownFileType = wrapper.framework; name = Network.framework; path = System/Library/Frameworks/Network.framework; sourceTree = SDKROOT; };
		ACD06DF72574CDDF16E1E41B /* BerkeleyMono-Oblique.otf */ = {isa = PBXFileReference; lastKnownFileType = file; path = "BerkeleyMono-Oblique.otf"; sourceTree = "<group>"; };
		B0648D501D363553E86BAE63 /* BerkeleyMono-Regular.otf */ = {isa = PBXFileReference; lastKnownFileType = file; path = "BerkeleyMono-Regular.otf"; sourceTree = "<group>"; };
		BF245554F39E59E68B72EB22 /* ConversationView.swift */ = {isa = PBXFileReference; lastKnownFileType = sourcecode.swift; path = ConversationView.swift; sourceTree = "<group>"; };
		C361CBF40ED3D35C44D46880 /* BrandLogo.swift */ = {isa = PBXFileReference; lastKnownFileType = sourcecode.swift; path = BrandLogo.swift; sourceTree = "<group>"; };
		CECEF29277C1DB1AD1EF304D /* text.xcframework */ = {isa = PBXFileReference; lastKnownFileType = wrapper.xcframework; name = text.xcframework; path = Frameworks/ios_system/text.xcframework; sourceTree = "<group>"; };
		D2741603625C765D5BC95E39 /* ServerManager.swift */ = {isa = PBXFileReference; lastKnownFileType = sourcecode.swift; path = ServerManager.swift; sourceTree = "<group>"; };
		D9303BF4E9F495B2452B4413 /* CodexIOSUITests.swift */ = {isa = PBXFileReference; lastKnownFileType = sourcecode.swift; path = CodexIOSUITests.swift; sourceTree = "<group>"; };
		D9DBC62E35480E3885700643 /* en */ = {isa = PBXFileReference; lastKnownFileType = text.plist.strings; name = en; path = en.lproj/Localizable.strings; sourceTree = "<group>"; };
		DBE8C3705FCC98F7E1642771 /* SettingsView.swift */ = {isa = PBXFileReference; lastKnownFileType = sourcecode.swift; path = SettingsView.swift; sourceTree = "<group>"; };
		E069F151626700359CAEB33B /* LitterRemote.app */ = {isa = PBXFileReference; includeInIndex = 0; lastKnownFileType = wrapper.application; path = LitterRemote.app; sourceTree = BUILT_PRODUCTS_DIR; };
		E2C54AE62D2865D1C7750F7A /* NetworkDiscovery.swift */ = {isa = PBXFileReference; lastKnownFileType = sourcecode.swift; path = NetworkDiscovery.swift; sourceTree = "<group>"; };
		E518CD2A67CEB8B41545D0D2 /* Info.plist */ = {isa = PBXFileReference; lastKnownFileType = text.plist; path = Info.plist; sourceTree = "<group>"; };
		E744000053715A5866060B15 /* PreviewSupport.swift */ = {isa = PBXFileReference; lastKnownFileType = sourcecode.swift; path = PreviewSupport.swift; sourceTree = "<group>"; };
		EB8AEFFE3EBB0B8C6DBB218B /* SessionSidebarView.swift */ = {isa = PBXFileReference; lastKnownFileType = sourcecode.swift; path = SessionSidebarView.swift; sourceTree = "<group>"; };
		EEDF2E1FEDF741D69062FDDD /* CodeBlockView.swift */ = {isa = PBXFileReference; lastKnownFileType = sourcecode.swift; path = CodeBlockView.swift; sourceTree = "<group>"; };
		F030F0A7CE69F1ABD3D30F06 /* codex_bridge.xcframework */ = {isa = PBXFileReference; lastKnownFileType = wrapper.xcframework; name = codex_bridge.xcframework; path = Frameworks/codex_bridge.xcframework; sourceTree = "<group>"; };
		FE71A015A197F8B7F6AE82B8 /* Security.framework */ = {isa = PBXFileReference; lastKnownFileType = wrapper.framework; name = Security.framework; path = System/Library/Frameworks/Security.framework; sourceTree = SDKROOT; };
/* End PBXFileReference section */

/* Begin PBXFrameworksBuildPhase section */
		494C789BCCB7C493C74C854F /* Frameworks */ = {
			isa = PBXFrameworksBuildPhase;
			buildActionMask = 2147483647;
			files = (
				0D4116209C36B23F964BC070 /* Security.framework in Frameworks */,
				35D5ED036168E1DF8EE63CB5 /* SystemConfiguration.framework in Frameworks */,
				CC8E05E303DE114ADA2C409B /* Network.framework in Frameworks */,
				04176A364FBEB96BDD0DE31D /* Citadel in Frameworks */,
				6A5FB63A62D487A9B4E53C82 /* MarkdownUI in Frameworks */,
				1B01536D4D970B5E054F9CCA /* Inject in Frameworks */,
				0B70CD891000542F8F109E18 /* Highlightr in Frameworks */,
				2EB6769DBEBF50F7C5A2B89A /* ios_system.xcframework in Frameworks */,
				8D4C21469289291B968CBEF0 /* shell.xcframework in Frameworks */,
				F32CF5F7E077ABCAB4ECE1C7 /* text.xcframework in Frameworks */,
				E8981E5AEE611332DB397462 /* files.xcframework in Frameworks */,
			);
			runOnlyForDeploymentPostprocessing = 0;
		};
		AA7F329456F40E8DD44D56A9 /* Frameworks */ = {
			isa = PBXFrameworksBuildPhase;
			buildActionMask = 2147483647;
			files = (
				3219634AC7C74A6FC4116F12 /* codex_bridge.xcframework in Frameworks */,
				60FCC716C07EC118063B7E34 /* Security.framework in Frameworks */,
				439364114EC527898BA7FFD7 /* SystemConfiguration.framework in Frameworks */,
				49EE86930AE61F174F3E0E97 /* Network.framework in Frameworks */,
				72158718B1E67C9A80C407CC /* Citadel in Frameworks */,
				092994BBC35FD41C78FDBAF5 /* MarkdownUI in Frameworks */,
				D1C2C119E9801D3921F44146 /* Inject in Frameworks */,
				6BBF52F233815A7CE387ADAF /* Highlightr in Frameworks */,
				C07B1499364228CD0094A4DB /* ios_system.xcframework in Frameworks */,
				1DB21F6FFA11CE197FCFDBD5 /* shell.xcframework in Frameworks */,
				EF8743F1629EB0DCA20AE787 /* text.xcframework in Frameworks */,
				A0C4E239663FE86E4260A374 /* files.xcframework in Frameworks */,
			);
			runOnlyForDeploymentPostprocessing = 0;
		};
/* End PBXFrameworksBuildPhase section */

/* Begin PBXGroup section */
		24C577B9C9547FE3F6A6ADD0 /* CodexIOSUITests */ = {
			isa = PBXGroup;
			children = (
				D9303BF4E9F495B2452B4413 /* CodexIOSUITests.swift */,
			);
			name = CodexIOSUITests;
			path = Tests/CodexIOSUITests;
			sourceTree = "<group>";
		};
		2855C3347FEF850EB55DC3C4 = {
			isa = PBXGroup;
			children = (
				615E709D4D5722523052907E /* SnapshotHelper.swift */,
				96523EF86C13A1CBD171F262 /* CodexIOSTests */,
				24C577B9C9547FE3F6A6ADD0 /* CodexIOSUITests */,
				8A5145ADC197C85E48796B1B /* Litter */,
				864A8F3BEE4AF239B438BE6F /* Frameworks */,
				35D407E8418ED7F3C5C8B705 /* Products */,
			);
			sourceTree = "<group>";
		};
		35D407E8418ED7F3C5C8B705 /* Products */ = {
			isa = PBXGroup;
			children = (
				9DEE7E6F96B1BE1235356947 /* CodexIOSTests.xctest */,
				0A19074BE7C1EFD40DB44B0E /* CodexIOSUITests.xctest */,
				55A7968182C0B25044D38C00 /* Litter.app */,
				E069F151626700359CAEB33B /* LitterRemote.app */,
			);
			name = Products;
			sourceTree = "<group>";
		};
		864A8F3BEE4AF239B438BE6F /* Frameworks */ = {
			isa = PBXGroup;
			children = (
				F030F0A7CE69F1ABD3D30F06 /* codex_bridge.xcframework */,
				19CB61EDE7B1FF0CF2EC81BB /* files.xcframework */,
				0A9C36495A1AD0AC9AC6DBA4 /* ios_system.xcframework */,
				AA4A8B1B0E48B3DDC9F44D90 /* Network.framework */,
				FE71A015A197F8B7F6AE82B8 /* Security.framework */,
				874C6CFBD438D4B4909DD1CF /* shell.xcframework */,
				1641427B3606638F140B4E9A /* SystemConfiguration.framework */,
				CECEF29277C1DB1AD1EF304D /* text.xcframework */,
			);
			name = Frameworks;
			sourceTree = "<group>";
		};
		8A5145ADC197C85E48796B1B /* Litter */ = {
			isa = PBXGroup;
			children = (
				35949923355BB19A7209FD65 /* Assets.xcassets */,
				101538FB7758F2441ED27F40 /* Extensions.swift */,
				E518CD2A67CEB8B41545D0D2 /* Info.plist */,
				359F3DCDC22C81682DAA7B0D /* LitterApp.swift */,
				ABFE016B445D1A4398CFE2A5 /* Localizable.strings */,
				FED26E02E71D5675B5DFB9CE /* Bridge */,
				F95E1C01613709EE37B7714E /* Models */,
				8D774DCB32F73498E21FBB1A /* Resources */,
				F96F3C940576D4FD4F15B97D /* Views */,
			);
			name = Litter;
			path = Sources/Litter;
			sourceTree = "<group>";
		};
		8D774DCB32F73498E21FBB1A /* Resources */ = {
			isa = PBXGroup;
			children = (
				17BD69B0550C63596995AC18 /* brand_logo.png */,
				74E5DF89D0937E6C17F2BB94 /* brand_logo.svg */,
				EB7A91131021ED64DF88AF8B /* Fonts */,
				E2C5B24E4AF867AE552FE642 /* ios_system */,
			);
			path = Resources;
			sourceTree = "<group>";
		};
		96523EF86C13A1CBD171F262 /* CodexIOSTests */ = {
			isa = PBXGroup;
			children = (
				9B00D3C4EBCC298CE54D2D02 /* ToolCallMessageParserTests.swift */,
			);
			name = CodexIOSTests;
			path = Tests/CodexIOSTests;
			sourceTree = "<group>";
		};
		E2C5B24E4AF867AE552FE642 /* ios_system */ = {
			isa = PBXGroup;
			children = (
				545E3E3890AFDE088424F0C1 /* commandDictionary.plist */,
				7043F325D81EDDF6CE12024E /* extraCommandsDictionary.plist */,
			);
			path = ios_system;
			sourceTree = "<group>";
		};
		EB7A91131021ED64DF88AF8B /* Fonts */ = {
			isa = PBXGroup;
			children = (
				3CB07F43FD670F05B9A43C55 /* BerkeleyMono-Bold-Oblique.otf */,
				3BD63CCD80D9E1F66879EF97 /* BerkeleyMono-Bold.otf */,
				ACD06DF72574CDDF16E1E41B /* BerkeleyMono-Oblique.otf */,
				B0648D501D363553E86BAE63 /* BerkeleyMono-Regular.otf */,
			);
			path = Fonts;
			sourceTree = "<group>";
		};
		F95E1C01613709EE37B7714E /* Models */ = {
			isa = PBXGroup;
			children = (
				50CFDCB6C4655E3D2D76B41B /* AppState.swift */,
				125E05AE5CC346C8D2ED2FED /* ChatTypes.swift */,
				4925417F70C546B80DBD9EFF /* ConnectionTarget.swift */,
				7779BD02F3B304F9C3AD32A1 /* DiscoveredServer.swift */,
				E2C54AE62D2865D1C7750F7A /* NetworkDiscovery.swift */,
				93677A51659C08505EA4CE10 /* OnDeviceCodexFeature.swift */,
				4CAFD307068C8BB4C5662367 /* RecentDirectoryStore.swift */,
				73840201673E0D1EE9E9DEBF /* ServerConnection.swift */,
				D2741603625C765D5BC95E39 /* ServerManager.swift */,
				754A6F0D26DFBE19A8C6625F /* SSHSessionManager.swift */,
				67AFB81F773863EB4A05235C /* ThreadState.swift */,
			);
			path = Models;
			sourceTree = "<group>";
		};
		F96F3C940576D4FD4F15B97D /* Views */ = {
			isa = PBXGroup;
			children = (
				818BC73F3855A9BA29C8E868 /* AccountView.swift */,
				C361CBF40ED3D35C44D46880 /* BrandLogo.swift */,
				EEDF2E1FEDF741D69062FDDD /* CodeBlockView.swift */,
				BF245554F39E59E68B72EB22 /* ConversationView.swift */,
				318F2F8563E91AB97950F5DA /* DirectoryPickerView.swift */,
				034CE02FECF86AB9EC0842D0 /* DiscoveryView.swift */,
				817117A5E16EBD02388DBBE1 /* HeaderView.swift */,
				1959956ABBEC98793B97B468 /* MessageBubbleView.swift */,
				E744000053715A5866060B15 /* PreviewSupport.swift */,
				7F79D1C06A25D0ABAA5042BA /* SafariView.swift */,
				20CB5C5E5705BBF5E25A30B7 /* SessionListView.swift */,
				EB8AEFFE3EBB0B8C6DBB218B /* SessionSidebarView.swift */,
				DBE8C3705FCC98F7E1642771 /* SettingsView.swift */,
				7EAAD91EA135C03B2759124D /* SidebarOverlay.swift */,
				6A9876F2929290D47ED57D77 /* SSHLoginSheet.swift */,
				3BA392F9C2104B8B643C0F9E /* ToolCallCardView.swift */,
				293EF15BAE7362AAF480EC4A /* ToolCallMessageParser.swift */,
			);
			path = Views;
			sourceTree = "<group>";
		};
		FED26E02E71D5675B5DFB9CE /* Bridge */ = {
			isa = PBXGroup;
			children = (
				94787AD35DEC95D38907632B /* CodexBridge.swift */,
				4F2C91E2BA1A8F93DA7FF4EF /* CodexProtocol.swift */,
				3DC848F239F3563C901428AA /* IosSystemBridge.m */,
				A32EC379763C60302C66E8F3 /* JSONRPCClient.swift */,
			);
			path = Bridge;
			sourceTree = "<group>";
		};
/* End PBXGroup section */

/* Begin PBXNativeTarget section */
		33C7AA2DCE671BE7CA9AFEC8 /* LitterRemote */ = {
			isa = PBXNativeTarget;
			buildConfigurationList = 620FE3681E249B1FDD486EC4 /* Build configuration list for PBXNativeTarget "LitterRemote" */;
			buildPhases = (
				1A0598684067D263A2D9B7B0 /* Sources */,
				565BAECE218EBC6F0D68CAE7 /* Resources */,
				494C789BCCB7C493C74C854F /* Frameworks */,
				F5000D391E269DEF6625AA40 /* Embed Frameworks */,
			);
			buildRules = (
			);
			dependencies = (
			);
			name = LitterRemote;
			packageProductDependencies = (
				6D0691FAFC50FF36F1893995 /* Citadel */,
				26B5133B3787DA6490540164 /* MarkdownUI */,
				0F7D9D75EA37F783857D2A0C /* Inject */,
				543D34C5D486ED8912358C4B /* Highlightr */,
			);
			productName = LitterRemote;
			productReference = E069F151626700359CAEB33B /* LitterRemote.app */;
			productType = "com.apple.product-type.application";
		};
		5756C56A34DBBD0841611B1B /* CodexIOSUITests */ = {
			isa = PBXNativeTarget;
			buildConfigurationList = 9C85AB6528F4310B876A184A /* Build configuration list for PBXNativeTarget "CodexIOSUITests" */;
			buildPhases = (
				4D929963F523D3453A1E9EA5 /* Sources */,
			);
			buildRules = (
			);
			dependencies = (
				0D2C3CA92F9CD7C8BE8673BC /* PBXTargetDependency */,
			);
			name = CodexIOSUITests;
			packageProductDependencies = (
			);
			productName = CodexIOSUITests;
			productReference = 0A19074BE7C1EFD40DB44B0E /* CodexIOSUITests.xctest */;
			productType = "com.apple.product-type.bundle.ui-testing";
		};
		8BF6D89AC27372E86DCE83EC /* CodexIOSTests */ = {
			isa = PBXNativeTarget;
			buildConfigurationList = 6C86E1538F9A0A4610D382EA /* Build configuration list for PBXNativeTarget "CodexIOSTests" */;
			buildPhases = (
				02045A75575CAC16F8D916FB /* Sources */,
			);
			buildRules = (
			);
			dependencies = (
				BC5936DC3B3D21C07E9715FD /* PBXTargetDependency */,
			);
			name = CodexIOSTests;
			packageProductDependencies = (
			);
			productName = CodexIOSTests;
			productReference = 9DEE7E6F96B1BE1235356947 /* CodexIOSTests.xctest */;
			productType = "com.apple.product-type.bundle.unit-test";
		};
		A3D84F588EDBC1EA550D6691 /* Litter */ = {
			isa = PBXNativeTarget;
			buildConfigurationList = 23C3064C1C9ADF032DBDB64F /* Build configuration list for PBXNativeTarget "Litter" */;
			buildPhases = (
				8315BF041A8C2CD422EAFC74 /* Sources */,
				5367EEFD6422750AE9FEF343 /* Resources */,
				AA7F329456F40E8DD44D56A9 /* Frameworks */,
				867CA3999634D7B8E6BF660C /* Embed Frameworks */,
			);
			buildRules = (
			);
			dependencies = (
			);
			name = Litter;
			packageProductDependencies = (
				5C1CE43F9E12A442D6CAF602 /* Citadel */,
				A70018F0EA2A62B64DA5334B /* MarkdownUI */,
				01C24E4743B6D5566F473864 /* Inject */,
				13331A31CF6F354C66979963 /* Highlightr */,
			);
			productName = Litter;
			productReference = 55A7968182C0B25044D38C00 /* Litter.app */;
			productType = "com.apple.product-type.application";
		};
/* End PBXNativeTarget section */

/* Begin PBXProject section */
		B5F70FFC94D335C17162EB35 /* Project object */ = {
			isa = PBXProject;
			attributes = {
				BuildIndependentTargetsInParallel = YES;
				LastUpgradeCheck = 1600;
				TargetAttributes = {
					5756C56A34DBBD0841611B1B = {
						TestTargetID = A3D84F588EDBC1EA550D6691;
					};
				};
			};
			buildConfigurationList = 611DECD8E59F99E2ED675472 /* Build configuration list for PBXProject "Litter" */;
			compatibilityVersion = "Xcode 14.0";
			developmentRegion = en;
			hasScannedForEncodings = 0;
			knownRegions = (
				Base,
				en,
			);
			mainGroup = 2855C3347FEF850EB55DC3C4;
			minimizedProjectReferenceProxies = 1;
			packageReferences = (
				DAEC3C14DB86608283E346AE /* XCRemoteSwiftPackageReference "Citadel" */,
				4CCFF78E2CFE1683DF9DF75F /* XCRemoteSwiftPackageReference "Highlightr" */,
				AF6B0A94FF765E17953F7B72 /* XCRemoteSwiftPackageReference "Inject" */,
				4F6C9060920234B3E9A86BD3 /* XCRemoteSwiftPackageReference "swift-markdown-ui" */,
			);
			projectDirPath = "";
			projectRoot = "";
			targets = (
				8BF6D89AC27372E86DCE83EC /* CodexIOSTests */,
				5756C56A34DBBD0841611B1B /* CodexIOSUITests */,
				A3D84F588EDBC1EA550D6691 /* Litter */,
				33C7AA2DCE671BE7CA9AFEC8 /* LitterRemote */,
			);
		};
/* End PBXProject section */

/* Begin PBXResourcesBuildPhase section */
		5367EEFD6422750AE9FEF343 /* Resources */ = {
			isa = PBXResourcesBuildPhase;
			buildActionMask = 2147483647;
			files = (
				863E974F904C137CB6669DE0 /* Assets.xcassets in Resources */,
				15378E713092362B622ADF95 /* BerkeleyMono-Bold-Oblique.otf in Resources */,
				F2A99B16F6AB41896865CD11 /* BerkeleyMono-Bold.otf in Resources */,
				2079821AAFA0AB0D5D4E429C /* BerkeleyMono-Oblique.otf in Resources */,
				BAB0343536C6CFD8EF952DE0 /* BerkeleyMono-Regular.otf in Resources */,
				A0F302E6D893FB45DB4E16CB /* Localizable.strings in Resources */,
				2DBCCE766D2356AB34EA47CF /* brand_logo.png in Resources */,
				6B6DEAECC59EF7CB0B9500B9 /* brand_logo.svg in Resources */,
				536EF112EA2B3405B03B0BB6 /* commandDictionary.plist in Resources */,
				DD6CAD6B87A8D48854446B86 /* extraCommandsDictionary.plist in Resources */,
			);
			runOnlyForDeploymentPostprocessing = 0;
		};
		565BAECE218EBC6F0D68CAE7 /* Resources */ = {
			isa = PBXResourcesBuildPhase;
			buildActionMask = 2147483647;
			files = (
				BDD00F77D6868A0501810E51 /* Assets.xcassets in Resources */,
				D1B9D708A292EF532C7A8B9C /* BerkeleyMono-Bold-Oblique.otf in Resources */,
				AB436317C3932EE211111561 /* BerkeleyMono-Bold.otf in Resources */,
				591F49598442E387E16C7BF2 /* BerkeleyMono-Oblique.otf in Resources */,
				DA19AD6B4C88B468969FA1CF /* BerkeleyMono-Regular.otf in Resources */,
				C833C49F1B377068396A5308 /* Localizable.strings in Resources */,
				935A6D5F5378F7093E4540BC /* brand_logo.png in Resources */,
				D9CE23EE599BE0F7DBFD0930 /* brand_logo.svg in Resources */,
				DB2626F75CCFABC284D6D663 /* commandDictionary.plist in Resources */,
				EA2D4DECB54E28C6E6080CFA /* extraCommandsDictionary.plist in Resources */,
			);
			runOnlyForDeploymentPostprocessing = 0;
		};
/* End PBXResourcesBuildPhase section */

/* Begin PBXSourcesBuildPhase section */
		02045A75575CAC16F8D916FB /* Sources */ = {
			isa = PBXSourcesBuildPhase;
			buildActionMask = 2147483647;
			files = (
				178E05A70211238A1D49F6C2 /* ToolCallMessageParserTests.swift in Sources */,
			);
			runOnlyForDeploymentPostprocessing = 0;
		};
		1A0598684067D263A2D9B7B0 /* Sources */ = {
			isa = PBXSourcesBuildPhase;
			buildActionMask = 2147483647;
			files = (
				ADA061B4E1F520DB54601B39 /* AccountView.swift in Sources */,
				F5DC89787AAD41A2462541CD /* AppState.swift in Sources */,
				D2AB8A7F991FD28255C56CD3 /* BrandLogo.swift in Sources */,
				176D9DB2C19A759EE50DFE57 /* ChatTypes.swift in Sources */,
				5F3B965EDA58D389B2761F05 /* CodeBlockView.swift in Sources */,
				B2AD11FCB018EFE781CE172F /* CodexBridge.swift in Sources */,
				8B8335F1D0AA1E5584BCAF20 /* CodexProtocol.swift in Sources */,
				2F3CAA82F0FC204D70DF24C9 /* ConnectionTarget.swift in Sources */,
				5AB1046D51A1A192F1952893 /* ConversationView.swift in Sources */,
				F91EC376599CBBEC881C53E4 /* DirectoryPickerView.swift in Sources */,
				72AF522324657480D02995E1 /* DiscoveredServer.swift in Sources */,
				ACB4703CB129ED8B32E9F291 /* DiscoveryView.swift in Sources */,
				FAFB0D5AB213C4A0ADA9B0C3 /* Extensions.swift in Sources */,
				0CF8F35C0BAB5AB811C2809F /* HeaderView.swift in Sources */,
				681CFF0789D9D2369F61ECF2 /* IosSystemBridge.m in Sources */,
				1968BFD1E3D4665AB9638F5F /* JSONRPCClient.swift in Sources */,
				E8E75D80AB816ABCFBE01609 /* LitterApp.swift in Sources */,
				56DBF9B40EDB38539AD3F363 /* MessageBubbleView.swift in Sources */,
				99AFB38AE70951A482AB9253 /* NetworkDiscovery.swift in Sources */,
				5D69A8BA80D3B1B771C94DC0 /* OnDeviceCodexFeature.swift in Sources */,
				A65B6860C6DCB2E71F5ACFEB /* PreviewSupport.swift in Sources */,
				E7A9712ECD67A5C560F104EE /* RecentDirectoryStore.swift in Sources */,
				1B27B62916B4D6AF66BDA9F8 /* SSHLoginSheet.swift in Sources */,
				4F0031C020BCB8200383682C /* SSHSessionManager.swift in Sources */,
				847B2A9216E2C53D8A220303 /* SafariView.swift in Sources */,
				4C9D48CAF520DFF0442D16EA /* ServerConnection.swift in Sources */,
				85378EE3CE3AE3C8FB27723E /* ServerManager.swift in Sources */,
				C9FE50288375157B79A052FB /* SessionListView.swift in Sources */,
				CB1ED98E60C5E933170DD52D /* SessionSidebarView.swift in Sources */,
				5F1228C0BD5FC2E520010A2C /* SettingsView.swift in Sources */,
				38BF43AD242D4C4686FB6AB2 /* SidebarOverlay.swift in Sources */,
				7326B68EB1C5AA725F7E5DE4 /* ThreadState.swift in Sources */,
				73273C538728D9434D9E9E53 /* ToolCallCardView.swift in Sources */,
				0C8911DDC605F71148FC7E29 /* ToolCallMessageParser.swift in Sources */,
			);
			runOnlyForDeploymentPostprocessing = 0;
		};
		4D929963F523D3453A1E9EA5 /* Sources */ = {
			isa = PBXSourcesBuildPhase;
			buildActionMask = 2147483647;
			files = (
				A2DDF709613F2B26A1AF12CF /* CodexIOSUITests.swift in Sources */,
				145F611793C70C7B176AF3AC /* SnapshotHelper.swift in Sources */,
			);
			runOnlyForDeploymentPostprocessing = 0;
		};
		8315BF041A8C2CD422EAFC74 /* Sources */ = {
			isa = PBXSourcesBuildPhase;
			buildActionMask = 2147483647;
			files = (
				5128C7E1A7C94802C9F677BA /* AccountView.swift in Sources */,
				7E7B4AC85F18366192E98E8B /* AppState.swift in Sources */,
				E41F675D5DA4CB9AAF30EDC4 /* BrandLogo.swift in Sources */,
				5342E9DEE1FB318F01E27F7E /* ChatTypes.swift in Sources */,
				8445E0A9CDF58E2E9A509018 /* CodeBlockView.swift in Sources */,
				9F89180D64C6397DBBFA7CED /* CodexBridge.swift in Sources */,
				B977A1C7C1FF67CCC0B25AEE /* CodexProtocol.swift in Sources */,
				CDE88674C0C5A1B4C801267E /* ConnectionTarget.swift in Sources */,
				DEB027917A158E5C5CF0CC8B /* ConversationView.swift in Sources */,
				CFA5E4B56537F480AFECC903 /* DirectoryPickerView.swift in Sources */,
				8C573877188B1CF76579523A /* DiscoveredServer.swift in Sources */,
				BEE15B569CF1A1D7F73F25F9 /* DiscoveryView.swift in Sources */,
				4CBDF32CF8B225BD0F4F272D /* Extensions.swift in Sources */,
				CD03B7391871A06D022D42BA /* HeaderView.swift in Sources */,
				52E7CA333B014D1F4AAFA9D6 /* IosSystemBridge.m in Sources */,
				5114746EF88671B40BD746F9 /* JSONRPCClient.swift in Sources */,
				0AC3B09D832DD47A0C781EE5 /* LitterApp.swift in Sources */,
				31EB5932CBEDDB0E7FFB1158 /* MessageBubbleView.swift in Sources */,
				FF4D813592AD383AD342CFFB /* NetworkDiscovery.swift in Sources */,
				03B99F932AFF887324B15968 /* OnDeviceCodexFeature.swift in Sources */,
				24B302B9C08601CF5EBAC0E4 /* PreviewSupport.swift in Sources */,
				D512CAC21DF746FA702B10EF /* RecentDirectoryStore.swift in Sources */,
				04743D5A1900185832682235 /* SSHLoginSheet.swift in Sources */,
				AF67583A782E05448A75AFC7 /* SSHSessionManager.swift in Sources */,
				8D3CAAD692101400C18D1A38 /* SafariView.swift in Sources */,
				1DBECB5F40FE8322F20A327F /* ServerConnection.swift in Sources */,
				44D4FA3DAA7CAF654023475C /* ServerManager.swift in Sources */,
				2A8830D5288CE4FC4D754870 /* SessionListView.swift in Sources */,
				50B28BDC6D1475D494311414 /* SessionSidebarView.swift in Sources */,
				A0A3C87E80A5AE660B36CC55 /* SettingsView.swift in Sources */,
				C7D4DE1CB01AB8E07C92AAAC /* SidebarOverlay.swift in Sources */,
				8E7625BCA1A3CBE748954944 /* ThreadState.swift in Sources */,
				3E2EEDE5F9D0CC0EE517AF52 /* ToolCallCardView.swift in Sources */,
				28534FD8D729C47A8EF1A670 /* ToolCallMessageParser.swift in Sources */,
			);
			runOnlyForDeploymentPostprocessing = 0;
		};
/* End PBXSourcesBuildPhase section */

/* Begin PBXTargetDependency section */
		0D2C3CA92F9CD7C8BE8673BC /* PBXTargetDependency */ = {
			isa = PBXTargetDependency;
			target = A3D84F588EDBC1EA550D6691 /* Litter */;
			targetProxy = 4B1809A31489BDA3C85FE99F /* PBXContainerItemProxy */;
		};
		BC5936DC3B3D21C07E9715FD /* PBXTargetDependency */ = {
			isa = PBXTargetDependency;
			target = A3D84F588EDBC1EA550D6691 /* Litter */;
			targetProxy = 5CDEDD65869AEEBD77C7BA6A /* PBXContainerItemProxy */;
		};
/* End PBXTargetDependency section */

/* Begin PBXVariantGroup section */
		ABFE016B445D1A4398CFE2A5 /* Localizable.strings */ = {
			isa = PBXVariantGroup;
			children = (
				D9DBC62E35480E3885700643 /* en */,
			);
			name = Localizable.strings;
			sourceTree = "<group>";
		};
/* End PBXVariantGroup section */

/* Begin XCBuildConfiguration section */
		247F85B8760F9B8322D63128 /* Debug */ = {
			isa = XCBuildConfiguration;
			buildSettings = {
				ASSETCATALOG_COMPILER_APPICON_NAME = AppIcon;
				CODE_SIGN_IDENTITY = "iPhone Developer";
				DEVELOPMENT_TEAM = UH66Q8ZAYG;
				FRAMEWORK_SEARCH_PATHS = (
					"$(inherited)",
					"\"Frameworks\"",
					"\"Frameworks/ios_system\"",
				);
				INFOPLIST_FILE = Sources/Litter/Info.plist;
				IPHONEOS_DEPLOYMENT_TARGET = 18.0;
				LD_RUNPATH_SEARCH_PATHS = (
					"$(inherited)",
					"@executable_path/Frameworks",
				);
				OTHER_LDFLAGS = (
					"$(inherited)",
					"-lc++",
					"-lz",
				);
				PRODUCT_BUNDLE_IDENTIFIER = com.sigkitten.litter;
				SDKROOT = iphoneos;
				SWIFT_OBJC_BRIDGING_HEADER = Sources/Litter/Bridge/codex_bridge_objc.h;
				TARGETED_DEVICE_FAMILY = "1,2";
			};
			name = Debug;
		};
		37FFDFB4A6107A1E12337E82 /* Release */ = {
			isa = XCBuildConfiguration;
			buildSettings = {
				ASSETCATALOG_COMPILER_APPICON_NAME = AppIcon;
				CODE_SIGN_IDENTITY = "iPhone Developer";
				DEVELOPMENT_TEAM = UH66Q8ZAYG;
				FRAMEWORK_SEARCH_PATHS = (
					"$(inherited)",
					"\"Frameworks\"",
					"\"Frameworks/ios_system\"",
				);
				INFOPLIST_FILE = Sources/Litter/Info.plist;
				IPHONEOS_DEPLOYMENT_TARGET = 18.0;
				LD_RUNPATH_SEARCH_PATHS = (
					"$(inherited)",
					"@executable_path/Frameworks",
				);
				PRODUCT_BUNDLE_IDENTIFIER = com.sigkitten.litter;
				SDKROOT = iphoneos;
				SWIFT_OBJC_BRIDGING_HEADER = Sources/Litter/Bridge/codex_bridge_objc.h;
				TARGETED_DEVICE_FAMILY = "1,2";
			};
			name = Release;
		};
		3EFC8CD1FF83A0D7CFF697C0 /* Release */ = {
			isa = XCBuildConfiguration;
			buildSettings = {
				BUNDLE_LOADER = "$(TEST_HOST)";
				CODE_SIGNING_ALLOWED = NO;
				CODE_SIGNING_REQUIRED = NO;
				GENERATE_INFOPLIST_FILE = YES;
				IPHONEOS_DEPLOYMENT_TARGET = 18.0;
				LD_RUNPATH_SEARCH_PATHS = (
					"$(inherited)",
					"@executable_path/Frameworks",
					"@loader_path/Frameworks",
				);
				PRODUCT_BUNDLE_IDENTIFIER = com.litter.CodexIOSTests;
				SDKROOT = iphoneos;
				TARGETED_DEVICE_FAMILY = "1,2";
				TEST_HOST = "$(BUILT_PRODUCTS_DIR)/Litter.app/Litter";
			};
			name = Release;
		};
		5CC6CA5F83CE6B02E2218A1F /* Release */ = {
			isa = XCBuildConfiguration;
			buildSettings = {
				ALWAYS_SEARCH_USER_PATHS = NO;
				CLANG_ANALYZER_NONNULL = YES;
				CLANG_ANALYZER_NUMBER_OBJECT_CONVERSION = YES_AGGRESSIVE;
				CLANG_CXX_LANGUAGE_STANDARD = "gnu++14";
				CLANG_CXX_LIBRARY = "libc++";
				CLANG_ENABLE_MODULES = YES;
				CLANG_ENABLE_OBJC_ARC = YES;
				CLANG_ENABLE_OBJC_WEAK = YES;
				CLANG_WARN_BLOCK_CAPTURE_AUTORELEASING = YES;
				CLANG_WARN_BOOL_CONVERSION = YES;
				CLANG_WARN_COMMA = YES;
				CLANG_WARN_CONSTANT_CONVERSION = YES;
				CLANG_WARN_DEPRECATED_OBJC_IMPLEMENTATIONS = YES;
				CLANG_WARN_DIRECT_OBJC_ISA_USAGE = YES_ERROR;
				CLANG_WARN_DOCUMENTATION_COMMENTS = YES;
				CLANG_WARN_EMPTY_BODY = YES;
				CLANG_WARN_ENUM_CONVERSION = YES;
				CLANG_WARN_INFINITE_RECURSION = YES;
				CLANG_WARN_INT_CONVERSION = YES;
				CLANG_WARN_NON_LITERAL_NULL_CONVERSION = YES;
				CLANG_WARN_OBJC_IMPLICIT_RETAIN_SELF = YES;
				CLANG_WARN_OBJC_LITERAL_CONVERSION = YES;
				CLANG_WARN_OBJC_ROOT_CLASS = YES_ERROR;
				CLANG_WARN_QUOTED_INCLUDE_IN_FRAMEWORK_HEADER = YES;
				CLANG_WARN_RANGE_LOOP_ANALYSIS = YES;
				CLANG_WARN_STRICT_PROTOTYPES = YES;
				CLANG_WARN_SUSPICIOUS_MOVE = YES;
				CLANG_WARN_UNGUARDED_AVAILABILITY = YES_AGGRESSIVE;
				CLANG_WARN_UNREACHABLE_CODE = YES;
				CLANG_WARN__DUPLICATE_METHOD_MATCH = YES;
				COPY_PHASE_STRIP = NO;
				CURRENT_PROJECT_VERSION = 1;
				DEBUG_INFORMATION_FORMAT = "dwarf-with-dsym";
				ENABLE_NS_ASSERTIONS = NO;
				ENABLE_STRICT_OBJC_MSGSEND = YES;
				GCC_C_LANGUAGE_STANDARD = gnu11;
				GCC_NO_COMMON_BLOCKS = YES;
				GCC_WARN_64_TO_32_BIT_CONVERSION = YES;
				GCC_WARN_ABOUT_RETURN_TYPE = YES_ERROR;
				GCC_WARN_UNDECLARED_SELECTOR = YES;
				GCC_WARN_UNINITIALIZED_AUTOS = YES_AGGRESSIVE;
				GCC_WARN_UNUSED_FUNCTION = YES;
				GCC_WARN_UNUSED_VARIABLE = YES;
				IPHONEOS_DEPLOYMENT_TARGET = 18.0;
				MARKETING_VERSION = 1.0.1;
				MTL_ENABLE_DEBUG_INFO = NO;
				MTL_FAST_MATH = YES;
				OTHER_LDFLAGS = (
					"$(inherited)",
					"-lc++",
					"-lz",
				);
				PRODUCT_NAME = "$(TARGET_NAME)";
				SDKROOT = iphoneos;
				SWIFT_COMPILATION_MODE = wholemodule;
				SWIFT_OBJC_BRIDGING_HEADER = Sources/Litter/Bridge/codex_bridge_objc.h;
				SWIFT_OPTIMIZATION_LEVEL = "-O";
				SWIFT_STRICT_CONCURRENCY = targeted;
				SWIFT_VERSION = 5.9;
			};
			name = Release;
		};
		70560BFE8E0C85992877CE83 /* Debug */ = {
			isa = XCBuildConfiguration;
			buildSettings = {
				BUNDLE_LOADER = "$(TEST_HOST)";
				CODE_SIGNING_ALLOWED = NO;
				CODE_SIGNING_REQUIRED = NO;
				GENERATE_INFOPLIST_FILE = YES;
				IPHONEOS_DEPLOYMENT_TARGET = 18.0;
				LD_RUNPATH_SEARCH_PATHS = (
					"$(inherited)",
					"@executable_path/Frameworks",
					"@loader_path/Frameworks",
				);
				PRODUCT_BUNDLE_IDENTIFIER = com.litter.CodexIOSUITests;
				SDKROOT = iphoneos;
				TARGETED_DEVICE_FAMILY = "1,2";
				TEST_TARGET_NAME = Litter;
			};
			name = Debug;
		};
		748FBBF6ACB72E9852AC6554 /* Debug */ = {
			isa = XCBuildConfiguration;
			buildSettings = {
				ALWAYS_SEARCH_USER_PATHS = NO;
				CLANG_ANALYZER_NONNULL = YES;
				CLANG_ANALYZER_NUMBER_OBJECT_CONVERSION = YES_AGGRESSIVE;
				CLANG_CXX_LANGUAGE_STANDARD = "gnu++14";
				CLANG_CXX_LIBRARY = "libc++";
				CLANG_ENABLE_MODULES = YES;
				CLANG_ENABLE_OBJC_ARC = YES;
				CLANG_ENABLE_OBJC_WEAK = YES;
				CLANG_WARN_BLOCK_CAPTURE_AUTORELEASING = YES;
				CLANG_WARN_BOOL_CONVERSION = YES;
				CLANG_WARN_COMMA = YES;
				CLANG_WARN_CONSTANT_CONVERSION = YES;
				CLANG_WARN_DEPRECATED_OBJC_IMPLEMENTATIONS = YES;
				CLANG_WARN_DIRECT_OBJC_ISA_USAGE = YES_ERROR;
				CLANG_WARN_DOCUMENTATION_COMMENTS = YES;
				CLANG_WARN_EMPTY_BODY = YES;
				CLANG_WARN_ENUM_CONVERSION = YES;
				CLANG_WARN_INFINITE_RECURSION = YES;
				CLANG_WARN_INT_CONVERSION = YES;
				CLANG_WARN_NON_LITERAL_NULL_CONVERSION = YES;
				CLANG_WARN_OBJC_IMPLICIT_RETAIN_SELF = YES;
				CLANG_WARN_OBJC_LITERAL_CONVERSION = YES;
				CLANG_WARN_OBJC_ROOT_CLASS = YES_ERROR;
				CLANG_WARN_QUOTED_INCLUDE_IN_FRAMEWORK_HEADER = YES;
				CLANG_WARN_RANGE_LOOP_ANALYSIS = YES;
				CLANG_WARN_STRICT_PROTOTYPES = YES;
				CLANG_WARN_SUSPICIOUS_MOVE = YES;
				CLANG_WARN_UNGUARDED_AVAILABILITY = YES_AGGRESSIVE;
				CLANG_WARN_UNREACHABLE_CODE = YES;
				CLANG_WARN__DUPLICATE_METHOD_MATCH = YES;
				COPY_PHASE_STRIP = NO;
				CURRENT_PROJECT_VERSION = 1;
				DEBUG_INFORMATION_FORMAT = dwarf;
				ENABLE_STRICT_OBJC_MSGSEND = YES;
				ENABLE_TESTABILITY = YES;
				GCC_C_LANGUAGE_STANDARD = gnu11;
				GCC_DYNAMIC_NO_PIC = NO;
				GCC_NO_COMMON_BLOCKS = YES;
				GCC_OPTIMIZATION_LEVEL = 0;
				GCC_PREPROCESSOR_DEFINITIONS = (
					"$(inherited)",
					"DEBUG=1",
				);
				GCC_WARN_64_TO_32_BIT_CONVERSION = YES;
				GCC_WARN_ABOUT_RETURN_TYPE = YES_ERROR;
				GCC_WARN_UNDECLARED_SELECTOR = YES;
				GCC_WARN_UNINITIALIZED_AUTOS = YES_AGGRESSIVE;
				GCC_WARN_UNUSED_FUNCTION = YES;
				GCC_WARN_UNUSED_VARIABLE = YES;
				IPHONEOS_DEPLOYMENT_TARGET = 18.0;
				MARKETING_VERSION = 1.0.1;
				MTL_ENABLE_DEBUG_INFO = INCLUDE_SOURCE;
				MTL_FAST_MATH = YES;
				ONLY_ACTIVE_ARCH = YES;
				OTHER_LDFLAGS = (
					"$(inherited)",
					"-lc++",
					"-lz",
				);
				PRODUCT_NAME = "$(TARGET_NAME)";
				SDKROOT = iphoneos;
				SWIFT_ACTIVE_COMPILATION_CONDITIONS = DEBUG;
				SWIFT_OBJC_BRIDGING_HEADER = Sources/Litter/Bridge/codex_bridge_objc.h;
				SWIFT_OPTIMIZATION_LEVEL = "-Onone";
				SWIFT_STRICT_CONCURRENCY = targeted;
				SWIFT_VERSION = 5.9;
			};
			name = Debug;
		};
		77BEF728B45BFC1005640C89 /* Release */ = {
			isa = XCBuildConfiguration;
			buildSettings = {
				BUNDLE_LOADER = "$(TEST_HOST)";
				CODE_SIGNING_ALLOWED = NO;
				CODE_SIGNING_REQUIRED = NO;
				GENERATE_INFOPLIST_FILE = YES;
				IPHONEOS_DEPLOYMENT_TARGET = 18.0;
				LD_RUNPATH_SEARCH_PATHS = (
					"$(inherited)",
					"@executable_path/Frameworks",
					"@loader_path/Frameworks",
				);
				PRODUCT_BUNDLE_IDENTIFIER = com.litter.CodexIOSUITests;
				SDKROOT = iphoneos;
				TARGETED_DEVICE_FAMILY = "1,2";
				TEST_TARGET_NAME = Litter;
			};
			name = Release;
		};
		A13BB066D7CC8D30B9246492 /* Release */ = {
			isa = XCBuildConfiguration;
			buildSettings = {
				ASSETCATALOG_COMPILER_APPICON_NAME = AppIcon;
				CODE_SIGN_IDENTITY = "iPhone Developer";
				FRAMEWORK_SEARCH_PATHS = (
					"$(inherited)",
					"\"Frameworks/ios_system\"",
				);
				INFOPLIST_FILE = Sources/Litter/Info.plist;
				IPHONEOS_DEPLOYMENT_TARGET = 18.0;
				LD_RUNPATH_SEARCH_PATHS = (
					"$(inherited)",
					"@executable_path/Frameworks",
				);
				PRODUCT_BUNDLE_IDENTIFIER = com.sigkitten.litter.remote;
				SDKROOT = iphoneos;
				SWIFT_ACTIVE_COMPILATION_CONDITIONS = "$(inherited) LITTER_DISABLE_ON_DEVICE_CODEX";
				SWIFT_OBJC_BRIDGING_HEADER = Sources/Litter/Bridge/codex_bridge_objc.h;
				TARGETED_DEVICE_FAMILY = "1,2";
			};
			name = Release;
		};
		A1FED6075171DA5E3506EC28 /* Debug */ = {
			isa = XCBuildConfiguration;
			buildSettings = {
				BUNDLE_LOADER = "$(TEST_HOST)";
				CODE_SIGNING_ALLOWED = NO;
				CODE_SIGNING_REQUIRED = NO;
				GENERATE_INFOPLIST_FILE = YES;
				IPHONEOS_DEPLOYMENT_TARGET = 18.0;
				LD_RUNPATH_SEARCH_PATHS = (
					"$(inherited)",
					"@executable_path/Frameworks",
					"@loader_path/Frameworks",
				);
				PRODUCT_BUNDLE_IDENTIFIER = com.litter.CodexIOSTests;
				SDKROOT = iphoneos;
				TARGETED_DEVICE_FAMILY = "1,2";
				TEST_HOST = "$(BUILT_PRODUCTS_DIR)/Litter.app/Litter";
			};
			name = Debug;
		};
		A417F29ABCB8BB1663BBF77C /* Debug */ = {
			isa = XCBuildConfiguration;
			buildSettings = {
				ASSETCATALOG_COMPILER_APPICON_NAME = AppIcon;
				CODE_SIGN_IDENTITY = "iPhone Developer";
				FRAMEWORK_SEARCH_PATHS = (
					"$(inherited)",
					"\"Frameworks/ios_system\"",
				);
				INFOPLIST_FILE = Sources/Litter/Info.plist;
				IPHONEOS_DEPLOYMENT_TARGET = 18.0;
				LD_RUNPATH_SEARCH_PATHS = (
					"$(inherited)",
					"@executable_path/Frameworks",
				);
				OTHER_LDFLAGS = (
					"$(inherited)",
					"-lc++",
					"-lz",
				);
				PRODUCT_BUNDLE_IDENTIFIER = com.sigkitten.litter.remote;
				SDKROOT = iphoneos;
				SWIFT_ACTIVE_COMPILATION_CONDITIONS = "$(inherited) LITTER_DISABLE_ON_DEVICE_CODEX";
				SWIFT_OBJC_BRIDGING_HEADER = Sources/Litter/Bridge/codex_bridge_objc.h;
				TARGETED_DEVICE_FAMILY = "1,2";
			};
			name = Debug;
		};
/* End XCBuildConfiguration section */

/* Begin XCConfigurationList section */
		23C3064C1C9ADF032DBDB64F /* Build configuration list for PBXNativeTarget "Litter" */ = {
			isa = XCConfigurationList;
			buildConfigurations = (
				247F85B8760F9B8322D63128 /* Debug */,
				37FFDFB4A6107A1E12337E82 /* Release */,
			);
			defaultConfigurationIsVisible = 0;
			defaultConfigurationName = Debug;
		};
		611DECD8E59F99E2ED675472 /* Build configuration list for PBXProject "Litter" */ = {
			isa = XCConfigurationList;
			buildConfigurations = (
				748FBBF6ACB72E9852AC6554 /* Debug */,
				5CC6CA5F83CE6B02E2218A1F /* Release */,
			);
			defaultConfigurationIsVisible = 0;
			defaultConfigurationName = Debug;
		};
		620FE3681E249B1FDD486EC4 /* Build configuration list for PBXNativeTarget "LitterRemote" */ = {
			isa = XCConfigurationList;
			buildConfigurations = (
				A417F29ABCB8BB1663BBF77C /* Debug */,
				A13BB066D7CC8D30B9246492 /* Release */,
			);
			defaultConfigurationIsVisible = 0;
			defaultConfigurationName = Debug;
		};
		6C86E1538F9A0A4610D382EA /* Build configuration list for PBXNativeTarget "CodexIOSTests" */ = {
			isa = XCConfigurationList;
			buildConfigurations = (
				A1FED6075171DA5E3506EC28 /* Debug */,
				3EFC8CD1FF83A0D7CFF697C0 /* Release */,
			);
			defaultConfigurationIsVisible = 0;
			defaultConfigurationName = Debug;
		};
		9C85AB6528F4310B876A184A /* Build configuration list for PBXNativeTarget "CodexIOSUITests" */ = {
			isa = XCConfigurationList;
			buildConfigurations = (
				70560BFE8E0C85992877CE83 /* Debug */,
				77BEF728B45BFC1005640C89 /* Release */,
			);
			defaultConfigurationIsVisible = 0;
			defaultConfigurationName = Debug;
		};
/* End XCConfigurationList section */

/* Begin XCRemoteSwiftPackageReference section */
		4CCFF78E2CFE1683DF9DF75F /* XCRemoteSwiftPackageReference "Highlightr" */ = {
			isa = XCRemoteSwiftPackageReference;
			repositoryURL = "https://github.com/raspu/Highlightr";
			requirement = {
				kind = upToNextMajorVersion;
				minimumVersion = 2.1.0;
			};
		};
		4F6C9060920234B3E9A86BD3 /* XCRemoteSwiftPackageReference "swift-markdown-ui" */ = {
			isa = XCRemoteSwiftPackageReference;
			repositoryURL = "https://github.com/gonzalezreal/swift-markdown-ui";
			requirement = {
				kind = upToNextMajorVersion;
				minimumVersion = 2.4.0;
			};
		};
		AF6B0A94FF765E17953F7B72 /* XCRemoteSwiftPackageReference "Inject" */ = {
			isa = XCRemoteSwiftPackageReference;
			repositoryURL = "https://github.com/krzysztofzablocki/Inject";
			requirement = {
				kind = upToNextMajorVersion;
				minimumVersion = 1.5.2;
			};
		};
		DAEC3C14DB86608283E346AE /* XCRemoteSwiftPackageReference "Citadel" */ = {
			isa = XCRemoteSwiftPackageReference;
			repositoryURL = "https://github.com/orlandos-nl/Citadel";
			requirement = {
				kind = upToNextMajorVersion;
				minimumVersion = 0.8.0;
			};
		};
/* End XCRemoteSwiftPackageReference section */

/* Begin XCSwiftPackageProductDependency section */
		01C24E4743B6D5566F473864 /* Inject */ = {
			isa = XCSwiftPackageProductDependency;
			package = AF6B0A94FF765E17953F7B72 /* XCRemoteSwiftPackageReference "Inject" */;
			productName = Inject;
		};
		0F7D9D75EA37F783857D2A0C /* Inject */ = {
			isa = XCSwiftPackageProductDependency;
			package = AF6B0A94FF765E17953F7B72 /* XCRemoteSwiftPackageReference "Inject" */;
			productName = Inject;
		};
		13331A31CF6F354C66979963 /* Highlightr */ = {
			isa = XCSwiftPackageProductDependency;
			package = 4CCFF78E2CFE1683DF9DF75F /* XCRemoteSwiftPackageReference "Highlightr" */;
			productName = Highlightr;
		};
		26B5133B3787DA6490540164 /* MarkdownUI */ = {
			isa = XCSwiftPackageProductDependency;
			package = 4F6C9060920234B3E9A86BD3 /* XCRemoteSwiftPackageReference "swift-markdown-ui" */;
			productName = MarkdownUI;
		};
		543D34C5D486ED8912358C4B /* Highlightr */ = {
			isa = XCSwiftPackageProductDependency;
			package = 4CCFF78E2CFE1683DF9DF75F /* XCRemoteSwiftPackageReference "Highlightr" */;
			productName = Highlightr;
		};
		5C1CE43F9E12A442D6CAF602 /* Citadel */ = {
			isa = XCSwiftPackageProductDependency;
			package = DAEC3C14DB86608283E346AE /* XCRemoteSwiftPackageReference "Citadel" */;
			productName = Citadel;
		};
		6D0691FAFC50FF36F1893995 /* Citadel */ = {
			isa = XCSwiftPackageProductDependency;
			package = DAEC3C14DB86608283E346AE /* XCRemoteSwiftPackageReference "Citadel" */;
			productName = Citadel;
		};
		A70018F0EA2A62B64DA5334B /* MarkdownUI */ = {
			isa = XCSwiftPackageProductDependency;
			package = 4F6C9060920234B3E9A86BD3 /* XCRemoteSwiftPackageReference "swift-markdown-ui" */;
			productName = MarkdownUI;
		};
/* End XCSwiftPackageProductDependency section */
	};
	rootObject = B5F70FFC94D335C17162EB35 /* Project object */;
}
